<Solution>
  <Project Path="01 Hälsningsmaskinen/01 Hälsningsmaskinen.csproj" />
  <Project Path="02 Eko-kammaren/02 Eko-kammaren.csproj" />
  <Project Path="03 Tecken-speglingen/03 Tecken-speglingen.csproj" />
  <Project Path="04 Åldersverifiering för krogen/04 Åldersverifiering för krogen.csproj" />
  <Project Path="05 Kvittoskrivaren/05 Kvittoskrivaren.csproj" />
  <Project Path="06 Säker sifferinmatning/06 Säker sifferinmatning.csproj" />
  <Project Path="07 Texttrimning och formatering/07 Texttrimning och formatering.csproj" />
  <Project Path="08 Dynamisk titelbar/08 Dynamisk titelbar.csproj" />
  <Project Path="09 Bakgrundsväxlaren/09 Bakgrundsväxlaren.csproj" />
</Solution>
